
Microsoft Visual Studio Solution File, Format Version 12.00
# Visual Studio Version 17
VisualStudioVersion = 17.4.33103.184
MinimumVisualStudioVersion = 10.0.40219.1
Project("{8BC9CEB8-8B4A-11D0-8D11-00A0C91BC942}") = "ArrayProject", "ArrayProject.vcxproj", "{0AE46499-A848-4DBE-B99D-63987FB4D26A}"
EndProject
Global
	GlobalSection(SolutionConfigurationPlatforms) = preSolution
		Debug|x64 = Debug|x64
		Debug|x86 = Debug|x86
		Release|x64 = Release|x64
		Release|x86 = Release|x86
	EndGlobalSection
	GlobalSection(ProjectConfigurationPlatforms) = postSolution
		{0AE46499-A848-4DBE-B99D-63987FB4D26A}.Debug|x64.ActiveCfg = Debug|x64
		{0AE46499-A848-4DBE-B99D-63987FB4D26A}.Debug|x64.Build.0 = Debug|x64
		{0AE46499-A848-4DBE-B99D-63987FB4D26A}.Debug|x86.ActiveCfg = Debug|Win32
		{0AE46499-A848-4DBE-B99D-63987FB4D26A}.Debug|x86.Build.0 = Debug|Win32
		{0AE46499-A848-4DBE-B99D-63987FB4D26A}.Release|x64.ActiveCfg = Release|x64
		{0AE46499-A848-4DBE-B99D-63987FB4D26A}.Release|x64.Build.0 = Release|x64
		{0AE46499-A848-4DBE-B99D-63987FB4D26A}.Release|x86.ActiveCfg = Release|Win32
		{0AE46499-A848-4DBE-B99D-63987FB4D26A}.Release|x86.Build.0 = Release|Win32
	EndGlobalSection
	GlobalSection(SolutionProperties) = preSolution
		HideSolutionNode = FALSE
	EndGlobalSection
	GlobalSection(ExtensibilityGlobals) = postSolution
		SolutionGuid = {D9B0C2CA-6823-43DC-85B5-81B5C90078CA}
	EndGlobalSection
EndGlobal
